
Microsoft Visual Studio Solution File, Format Version 12.00
# Visual Studio Version 16
VisualStudioVersion = 16.0.29911.84
MinimumVisualStudioVersion = 10.0.40219.1
Project("{FAE04EC0-301F-11D3-BF4B-00C04F79EFBC}") = "Android_UIkit_Extension", "Android_UIkit_Extension.csproj", "{17AF675B-BB68-450F-92E2-7A9551469381}"
EndProject
Global
	GlobalSection(SolutionConfigurationPlatforms) = preSolution
		Debug|Any CPU = Debug|Any CPU
		Release|Any CPU = Release|Any CPU
	EndGlobalSection
	GlobalSection(ProjectConfigurationPlatforms) = postSolution
		{17AF675B-BB68-450F-92E2-7A9551469381}.Debug|Any CPU.ActiveCfg = Debug|Any CPU
		{17AF675B-BB68-450F-92E2-7A9551469381}.Debug|Any CPU.Build.0 = Debug|Any CPU
		{17AF675B-BB68-450F-92E2-7A9551469381}.Debug|Any CPU.Deploy.0 = Debug|Any CPU
		{17AF675B-BB68-450F-92E2-7A9551469381}.Release|Any CPU.ActiveCfg = Release|Any CPU
		{17AF675B-BB68-450F-92E2-7A9551469381}.Release|Any CPU.Build.0 = Release|Any CPU
		{17AF675B-BB68-450F-92E2-7A9551469381}.Release|Any CPU.Deploy.0 = Release|Any CPU
	EndGlobalSection
	GlobalSection(SolutionProperties) = preSolution
		HideSolutionNode = FALSE
	EndGlobalSection
	GlobalSection(ExtensibilityGlobals) = postSolution
		SolutionGuid = {D8E4FA04-65CB-4185-9313-5ECBE503020E}
	EndGlobalSection
EndGlobal
